PODS:
  - RxCocoa (4.3.0):
    - RxSwift (~> 4.0)
  - RxGesture (1.2.1):
    - RxCocoa (~> 4.0)
    - RxSwift (~> 4.0)
  - RxSwift (4.3.0)

DEPENDENCIES:
  - RxCocoa
  - RxGesture
  - RxSwift

SPEC REPOS:
  https://github.com/cocoapods/specs.git:
    - RxCocoa
    - RxGesture
    - RxSwift

SPEC CHECKSUMS:
  RxCocoa: 71b9cce833fbcb89a8eec11816dd225830c2bd3c
  RxGesture: c278eb05b187abd47e11e65464ae4de53ab71d95
  RxSwift: a9717a34df3179fe63563f76e046ad345078dd3a

PODFILE CHECKSUM: bdbf23682309f8b4138497389f61abac01ca2b14

COCOAPODS: 1.5.3
