// !$*UTF8*$!
{
	archiveVersion = 1;
	classes = {
	};
	objectVersion = 50;
	objects = {

/* Begin PBXBuildFile section */
		378C7DE52104DBC800FED5C6 /* AppDelegate.swift in Sources */ = {isa = PBXBuildFile; fileRef = 378C7DE42104DBC800FED5C6 /* AppDelegate.swift */; };
		378C7DE72104DBC800FED5C6 /* ViewController.swift in Sources */ = {isa = PBXBuildFile; fileRef = 378C7DE62104DBC800FED5C6 /* ViewController.swift */; };
		378C7DEA2104DBC800FED5C6 /* Main.storyboard in Resources */ = {isa = PBXBuildFile; fileRef = 378C7DE82104DBC800FED5C6 /* Main.storyboard */; };
		378C7DEC2104DBC900FED5C6 /* Assets.xcassets in Resources */ = {isa = PBXBuildFile; fileRef = 378C7DEB2104DBC900FED5C6 /* Assets.xcassets */; };
		378C7DEF2104DBC900FED5C6 /* LaunchScreen.storyboard in Resources */ = {isa = PBXBuildFile; fileRef = 378C7DED2104DBC900FED5C6 /* LaunchScreen.storyboard */; };
		378C7DFA2104DBC900FED5C6 /* Password_GeneratorUITests.swift in Sources */ = {isa = PBXBuildFile; fileRef = 378C7DF92104DBC900FED5C6 /* Password_GeneratorUITests.swift */; };
		37B82E3221060D72005C9E77 /* Generator.swift in Sources */ = {isa = PBXBuildFile; fileRef = 37B82E3121060D72005C9E77 /* Generator.swift */; };
		666AD1504DAF48513B6A9EE7 /* Pods_Password_Generator.framework in Frameworks */ = {isa = PBXBuildFile; fileRef = 2A1A71551591E623C5552054 /* Pods_Password_Generator.framework */; };
		F08B78CBCA3B119FDEB32794 /* Pods_Password_GeneratorUITests.framework in Frameworks */ = {isa = PBXBuildFile; fileRef = 1C54783D1E9C0EB1169E1215 /* Pods_Password_GeneratorUITests.framework */; };
/* End PBXBuildFile section */

/* Begin PBXContainerItemProxy section */
		378C7DF62104DBC900FED5C6 /* PBXContainerItemProxy */ = {
			isa = PBXContainerItemProxy;
			containerPortal = 378C7DD92104DBC800FED5C6 /* Project object */;
			proxyType = 1;
			remoteGlobalIDString = 378C7DE02104DBC800FED5C6;
			remoteInfo = "Password-Generator";
		};
/* End PBXContainerItemProxy section */

/* Begin PBXFileReference section */
		1C54783D1E9C0EB1169E1215 /* Pods_Password_GeneratorUITests.framework */ = {isa = PBXFileReference; explicitFileType = wrapper.framework; includeInIndex = 0; path = Pods_Password_GeneratorUITests.framework; sourceTree = BUILT_PRODUCTS_DIR; };
		2A1A71551591E623C5552054 /* Pods_Password_Generator.framework */ = {isa = PBXFileReference; explicitFileType = wrapper.framework; includeInIndex = 0; path = Pods_Password_Generator.framework; sourceTree = BUILT_PRODUCTS_DIR; };
		378C7DE12104DBC800FED5C6 /* Password-Generator.app */ = {isa = PBXFileReference; explicitFileType = wrapper.application; includeInIndex = 0; path = "Password-Generator.app"; sourceTree = BUILT_PRODUCTS_DIR; };
		378C7DE42104DBC800FED5C6 /* AppDelegate.swift */ = {isa = PBXFileReference; lastKnownFileType = sourcecode.swift; path = AppDelegate.swift; sourceTree = "<group>"; };
		378C7DE62104DBC800FED5C6 /* ViewController.swift */ = {isa = PBXFileReference; lastKnownFileType = sourcecode.swift; path = ViewController.swift; sourceTree = "<group>"; };
		378C7DE92104DBC800FED5C6 /* Base */ = {isa = PBXFileReference; lastKnownFileType = file.storyboard; name = Base; path = Base.lproj/Main.storyboard; sourceTree = "<group>"; };
		378C7DEB2104DBC900FED5C6 /* Assets.xcassets */ = {isa = PBXFileReference; lastKnownFileType = folder.assetcatalog; path = Assets.xcassets; sourceTree = "<group>"; };
		378C7DEE2104DBC900FED5C6 /* Base */ = {isa = PBXFileReference; lastKnownFileType = file.storyboard; name = Base; path = Base.lproj/LaunchScreen.storyboard; sourceTree = "<group>"; };
		378C7DF02104DBC900FED5C6 /* Info.plist */ = {isa = PBXFileReference; lastKnownFileType = text.plist.xml; path = Info.plist; sourceTree = "<group>"; };
		378C7DF52104DBC900FED5C6 /* Password-GeneratorUITests.xctest */ = {isa = PBXFileReference; explicitFileType = wrapper.cfbundle; includeInIndex = 0; path = "Password-GeneratorUITests.xctest"; sourceTree = BUILT_PRODUCTS_DIR; };
		378C7DF92104DBC900FED5C6 /* Password_GeneratorUITests.swift */ = {isa = PBXFileReference; lastKnownFileType = sourcecode.swift; path = Password_GeneratorUITests.swift; sourceTree = "<group>"; };
		378C7DFB2104DBC900FED5C6 /* Info.plist */ = {isa = PBXFileReference; lastKnownFileType = text.plist.xml; path = Info.plist; sourceTree = "<group>"; };
		37B82E3121060D72005C9E77 /* Generator.swift */ = {isa = PBXFileReference; lastKnownFileType = sourcecode.swift; path = Generator.swift; sourceTree = "<group>"; };
		6B5E9AE410DDF41FC87AD088 /* Pods-Password-Generator.release.xcconfig */ = {isa = PBXFileReference; includeInIndex = 1; lastKnownFileType = text.xcconfig; name = "Pods-Password-Generator.release.xcconfig"; path = "Pods/Target Support Files/Pods-Password-Generator/Pods-Password-Generator.release.xcconfig"; sourceTree = "<group>"; };
		6F76B3288EDB1C873475C68A /* Pods-Password-Generator.debug.xcconfig */ = {isa = PBXFileReference; includeInIndex = 1; lastKnownFileType = text.xcconfig; name = "Pods-Password-Generator.debug.xcconfig"; path = "Pods/Target Support Files/Pods-Password-Generator/Pods-Password-Generator.debug.xcconfig"; sourceTree = "<group>"; };
		9B432E610B32F30DA3AE4433 /* Pods-Password-GeneratorUITests.release.xcconfig */ = {isa = PBXFileReference; includeInIndex = 1; lastKnownFileType = text.xcconfig; name = "Pods-Password-GeneratorUITests.release.xcconfig"; path = "Pods/Target Support Files/Pods-Password-GeneratorUITests/Pods-Password-GeneratorUITests.release.xcconfig"; sourceTree = "<group>"; };
		A60D9492DAF7703308A1BEA2 /* Pods-Password-GeneratorUITests.debug.xcconfig */ = {isa = PBXFileReference; includeInIndex = 1; lastKnownFileType = text.xcconfig; name = "Pods-Password-GeneratorUITests.debug.xcconfig"; path = "Pods/Target Support Files/Pods-Password-GeneratorUITests/Pods-Password-GeneratorUITests.debug.xcconfig"; sourceTree = "<group>"; };
/* End PBXFileReference section */

/* Begin PBXFrameworksBuildPhase section */
		378C7DDE2104DBC800FED5C6 /* Frameworks */ = {
			isa = PBXFrameworksBuildPhase;
			buildActionMask = 2147483647;
			files = (
				666AD1504DAF48513B6A9EE7 /* Pods_Password_Generator.framework in Frameworks */,
			);
			runOnlyForDeploymentPostprocessing = 0;
		};
		378C7DF22104DBC900FED5C6 /* Frameworks */ = {
			isa = PBXFrameworksBuildPhase;
			buildActionMask = 2147483647;
			files = (
				F08B78CBCA3B119FDEB32794 /* Pods_Password_GeneratorUITests.framework in Frameworks */,
			);
			runOnlyForDeploymentPostprocessing = 0;
		};
/* End PBXFrameworksBuildPhase section */

/* Begin PBXGroup section */
		378C7DD82104DBC800FED5C6 = {
			isa = PBXGroup;
			children = (
				378C7DE32104DBC800FED5C6 /* Password-Generator */,
				378C7DF82104DBC900FED5C6 /* Password-GeneratorUITests */,
				378C7DE22104DBC800FED5C6 /* Products */,
				6AB64CBE7737506557403243 /* Pods */,
				3CDE4B57C1681F715F3530D9 /* Frameworks */,
			);
			sourceTree = "<group>";
		};
		378C7DE22104DBC800FED5C6 /* Products */ = {
			isa = PBXGroup;
			children = (
				378C7DE12104DBC800FED5C6 /* Password-Generator.app */,
				378C7DF52104DBC900FED5C6 /* Password-GeneratorUITests.xctest */,
			);
			name = Products;
			sourceTree = "<group>";
		};
		378C7DE32104DBC800FED5C6 /* Password-Generator */ = {
			isa = PBXGroup;
			children = (
				378C7DE42104DBC800FED5C6 /* AppDelegate.swift */,
				378C7DE62104DBC800FED5C6 /* ViewController.swift */,
				37B82E3121060D72005C9E77 /* Generator.swift */,
				378C7DE82104DBC800FED5C6 /* Main.storyboard */,
				378C7DEB2104DBC900FED5C6 /* Assets.xcassets */,
				378C7DED2104DBC900FED5C6 /* LaunchScreen.storyboard */,
				378C7DF02104DBC900FED5C6 /* Info.plist */,
			);
			path = "Password-Generator";
			sourceTree = "<group>";
		};
		378C7DF82104DBC900FED5C6 /* Password-GeneratorUITests */ = {
			isa = PBXGroup;
			children = (
				378C7DF92104DBC900FED5C6 /* Password_GeneratorUITests.swift */,
				378C7DFB2104DBC900FED5C6 /* Info.plist */,
			);
			path = "Password-GeneratorUITests";
			sourceTree = "<group>";
		};
		3CDE4B57C1681F715F3530D9 /* Frameworks */ = {
			isa = PBXGroup;
			children = (
				2A1A71551591E623C5552054 /* Pods_Password_Generator.framework */,
				1C54783D1E9C0EB1169E1215 /* Pods_Password_GeneratorUITests.framework */,
			);
			name = Frameworks;
			sourceTree = "<group>";
		};
		6AB64CBE7737506557403243 /* Pods */ = {
			isa = PBXGroup;
			children = (
				6F76B3288EDB1C873475C68A /* Pods-Password-Generator.debug.xcconfig */,
				6B5E9AE410DDF41FC87AD088 /* Pods-Password-Generator.release.xcconfig */,
				A60D9492DAF7703308A1BEA2 /* Pods-Password-GeneratorUITests.debug.xcconfig */,
				9B432E610B32F30DA3AE4433 /* Pods-Password-GeneratorUITests.release.xcconfig */,
			);
			name = Pods;
			sourceTree = "<group>";
		};
/* End PBXGroup section */

/* Begin PBXNativeTarget section */
		378C7DE02104DBC800FED5C6 /* Password-Generator */ = {
			isa = PBXNativeTarget;
			buildConfigurationList = 378C7DFE2104DBC900FED5C6 /* Build configuration list for PBXNativeTarget "Password-Generator" */;
			buildPhases = (
				56E01AEE341E1CCAD9ED411A /* [CP] Check Pods Manifest.lock */,
				378C7DDD2104DBC800FED5C6 /* Sources */,
				378C7DDE2104DBC800FED5C6 /* Frameworks */,
				378C7DDF2104DBC800FED5C6 /* Resources */,
				1D67F9C68E0AC230D1511712 /* [CP] Embed Pods Frameworks */,
			);
			buildRules = (
			);
			dependencies = (
			);
			name = "Password-Generator";
			productName = "Password-Generator";
			productReference = 378C7DE12104DBC800FED5C6 /* Password-Generator.app */;
			productType = "com.apple.product-type.application";
		};
		378C7DF42104DBC900FED5C6 /* Password-GeneratorUITests */ = {
			isa = PBXNativeTarget;
			buildConfigurationList = 378C7E012104DBC900FED5C6 /* Build configuration list for PBXNativeTarget "Password-GeneratorUITests" */;
			buildPhases = (
				19EAFB423FAABB2F26939E14 /* [CP] Check Pods Manifest.lock */,
				378C7DF12104DBC900FED5C6 /* Sources */,
				378C7DF22104DBC900FED5C6 /* Frameworks */,
				378C7DF32104DBC900FED5C6 /* Resources */,
			);
			buildRules = (
			);
			dependencies = (
				378C7DF72104DBC900FED5C6 /* PBXTargetDependency */,
			);
			name = "Password-GeneratorUITests";
			productName = "Password-GeneratorUITests";
			productReference = 378C7DF52104DBC900FED5C6 /* Password-GeneratorUITests.xctest */;
			productType = "com.apple.product-type.bundle.ui-testing";
		};
/* End PBXNativeTarget section */

/* Begin PBXProject section */
		378C7DD92104DBC800FED5C6 /* Project object */ = {
			isa = PBXProject;
			attributes = {
				LastSwiftUpdateCheck = 0940;
				LastUpgradeCheck = 0940;
				ORGANIZATIONNAME = "Nicolas Desormiere";
				TargetAttributes = {
					378C7DE02104DBC800FED5C6 = {
						CreatedOnToolsVersion = 9.4.1;
					};
					378C7DF42104DBC900FED5C6 = {
						CreatedOnToolsVersion = 9.4.1;
						TestTargetID = 378C7DE02104DBC800FED5C6;
					};
				};
			};
			buildConfigurationList = 378C7DDC2104DBC800FED5C6 /* Build configuration list for PBXProject "Password-Generator" */;
			compatibilityVersion = "Xcode 9.3";
			developmentRegion = en;
			hasScannedForEncodings = 0;
			knownRegions = (
				en,
				Base,
			);
			mainGroup = 378C7DD82104DBC800FED5C6;
			productRefGroup = 378C7DE22104DBC800FED5C6 /* Products */;
			projectDirPath = "";
			projectRoot = "";
			targets = (
				378C7DE02104DBC800FED5C6 /* Password-Generator */,
				378C7DF42104DBC900FED5C6 /* Password-GeneratorUITests */,
			);
		};
/* End PBXProject section */

/* Begin PBXResourcesBuildPhase section */
		378C7DDF2104DBC800FED5C6 /* Resources */ = {
			isa = PBXResourcesBuildPhase;
			buildActionMask = 2147483647;
			files = (
				378C7DEF2104DBC900FED5C6 /* LaunchScreen.storyboard in Resources */,
				378C7DEC2104DBC900FED5C6 /* Assets.xcassets in Resources */,
				378C7DEA2104DBC800FED5C6 /* Main.storyboard in Resources */,
			);
			runOnlyForDeploymentPostprocessing = 0;
		};
		378C7DF32104DBC900FED5C6 /* Resources */ = {
			isa = PBXResourcesBuildPhase;
			buildActionMask = 2147483647;
			files = (
			);
			runOnlyForDeploymentPostprocessing = 0;
		};
/* End PBXResourcesBuildPhase section */

/* Begin PBXShellScriptBuildPhase section */
		19EAFB423FAABB2F26939E14 /* [CP] Check Pods Manifest.lock */ = {
			isa = PBXShellScriptBuildPhase;
			buildActionMask = 2147483647;
			files = (
			);
			inputPaths = (
				"${PODS_PODFILE_DIR_PATH}/Podfile.lock",
				"${PODS_ROOT}/Manifest.lock",
			);
			name = "[CP] Check Pods Manifest.lock";
			outputPaths = (
				"$(DERIVED_FILE_DIR)/Pods-Password-GeneratorUITests-checkManifestLockResult.txt",
			);
			runOnlyForDeploymentPostprocessing = 0;
			shellPath = /bin/sh;
			shellScript = "diff \"${PODS_PODFILE_DIR_PATH}/Podfile.lock\" \"${PODS_ROOT}/Manifest.lock\" > /dev/null\nif [ $? != 0 ] ; then\n    # print error to STDERR\n    echo \"error: The sandbox is not in sync with the Podfile.lock. Run 'pod install' or update your CocoaPods installation.\" >&2\n    exit 1\nfi\n# This output is used by Xcode 'outputs' to avoid re-running this script phase.\necho \"SUCCESS\" > \"${SCRIPT_OUTPUT_FILE_0}\"\n";
			showEnvVarsInLog = 0;
		};
		1D67F9C68E0AC230D1511712 /* [CP] Embed Pods Frameworks */ = {
			isa = PBXShellScriptBuildPhase;
			buildActionMask = 2147483647;
			files = (
			);
			inputPaths = (
				"${SRCROOT}/Pods/Target Support Files/Pods-Password-Generator/Pods-Password-Generator-frameworks.sh",
				"${BUILT_PRODUCTS_DIR}/RxCocoa/RxCocoa.framework",
				"${BUILT_PRODUCTS_DIR}/RxSwift/RxSwift.framework",
			);
			name = "[CP] Embed Pods Frameworks";
			outputPaths = (
				"${TARGET_BUILD_DIR}/${FRAMEWORKS_FOLDER_PATH}/RxCocoa.framework",
				"${TARGET_BUILD_DIR}/${FRAMEWORKS_FOLDER_PATH}/RxSwift.framework",
			);
			runOnlyForDeploymentPostprocessing = 0;
			shellPath = /bin/sh;
			shellScript = "\"${SRCROOT}/Pods/Target Support Files/Pods-Password-Generator/Pods-Password-Generator-frameworks.sh\"\n";
			showEnvVarsInLog = 0;
		};
		56E01AEE341E1CCAD9ED411A /* [CP] Check Pods Manifest.lock */ = {
			isa = PBXShellScriptBuildPhase;
			buildActionMask = 2147483647;
			files = (
			);
			inputPaths = (
				"${PODS_PODFILE_DIR_PATH}/Podfile.lock",
				"${PODS_ROOT}/Manifest.lock",
			);
			name = "[CP] Check Pods Manifest.lock";
			outputPaths = (
				"$(DERIVED_FILE_DIR)/Pods-Password-Generator-checkManifestLockResult.txt",
			);
			runOnlyForDeploymentPostprocessing = 0;
			shellPath = /bin/sh;
			shellScript = "diff \"${PODS_PODFILE_DIR_PATH}/Podfile.lock\" \"${PODS_ROOT}/Manifest.lock\" > /dev/null\nif [ $? != 0 ] ; then\n    # print error to STDERR\n    echo \"error: The sandbox is not in sync with the Podfile.lock. Run 'pod install' or update your CocoaPods installation.\" >&2\n    exit 1\nfi\n# This output is used by Xcode 'outputs' to avoid re-running this script phase.\necho \"SUCCESS\" > \"${SCRIPT_OUTPUT_FILE_0}\"\n";
			showEnvVarsInLog = 0;
		};
/* End PBXShellScriptBuildPhase section */

/* Begin PBXSourcesBuildPhase section */
		378C7DDD2104DBC800FED5C6 /* Sources */ = {
			isa = PBXSourcesBuildPhase;
			buildActionMask = 2147483647;
			files = (
				37B82E3221060D72005C9E77 /* Generator.swift in Sources */,
				378C7DE72104DBC800FED5C6 /* ViewController.swift in Sources */,
				378C7DE52104DBC800FED5C6 /* AppDelegate.swift in Sources */,
			);
			runOnlyForDeploymentPostprocessing = 0;
		};
		378C7DF12104DBC900FED5C6 /* Sources */ = {
			isa = PBXSourcesBuildPhase;
			buildActionMask = 2147483647;
			files = (
				378C7DFA2104DBC900FED5C6 /* Password_GeneratorUITests.swift in Sources */,
			);
			runOnlyForDeploymentPostprocessing = 0;
		};
/* End PBXSourcesBuildPhase section */

/* Begin PBXTargetDependency section */
		378C7DF72104DBC900FED5C6 /* PBXTargetDependency */ = {
			isa = PBXTargetDependency;
			target = 378C7DE02104DBC800FED5C6 /* Password-Generator */;
			targetProxy = 378C7DF62104DBC900FED5C6 /* PBXContainerItemProxy */;
		};
/* End PBXTargetDependency section */

/* Begin PBXVariantGroup section */
		378C7DE82104DBC800FED5C6 /* Main.storyboard */ = {
			isa = PBXVariantGroup;
			children = (
				378C7DE92104DBC800FED5C6 /* Base */,
			);
			name = Main.storyboard;
			sourceTree = "<group>";
		};
		378C7DED2104DBC900FED5C6 /* LaunchScreen.storyboard */ = {
			isa = PBXVariantGroup;
			children = (
				378C7DEE2104DBC900FED5C6 /* Base */,
			);
			name = LaunchScreen.storyboard;
			sourceTree = "<group>";
		};
/* End PBXVariantGroup section */

/* Begin XCBuildConfiguration section */
		378C7DFC2104DBC900FED5C6 /* Debug */ = {
			isa = XCBuildConfiguration;
			buildSettings = {
				ALWAYS_SEARCH_USER_PATHS = NO;
				CLANG_ANALYZER_NONNULL = YES;
				CLANG_ANALYZER_NUMBER_OBJECT_CONVERSION = YES_AGGRESSIVE;
				CLANG_CXX_LANGUAGE_STANDARD = "gnu++14";
				CLANG_CXX_LIBRARY = "libc++";
				CLANG_ENABLE_MODULES = YES;
				CLANG_ENABLE_OBJC_ARC = YES;
				CLANG_ENABLE_OBJC_WEAK = YES;
				CLANG_WARN_BLOCK_CAPTURE_AUTORELEASING = YES;
				CLANG_WARN_BOOL_CONVERSION = YES;
				CLANG_WARN_COMMA = YES;
				CLANG_WARN_CONSTANT_CONVERSION = YES;
				CLANG_WARN_DEPRECATED_OBJC_IMPLEMENTATIONS = YES;
				CLANG_WARN_DIRECT_OBJC_ISA_USAGE = YES_ERROR;
				CLANG_WARN_DOCUMENTATION_COMMENTS = YES;
				CLANG_WARN_EMPTY_BODY = YES;
				CLANG_WARN_ENUM_CONVERSION = YES;
				CLANG_WARN_INFINITE_RECURSION = YES;
				CLANG_WARN_INT_CONVERSION = YES;
				CLANG_WARN_NON_LITERAL_NULL_CONVERSION = YES;
				CLANG_WARN_OBJC_IMPLICIT_RETAIN_SELF = YES;
				CLANG_WARN_OBJC_LITERAL_CONVERSION = YES;
				CLANG_WARN_OBJC_ROOT_CLASS = YES_ERROR;
				CLANG_WARN_RANGE_LOOP_ANALYSIS = YES;
				CLANG_WARN_STRICT_PROTOTYPES = YES;
				CLANG_WARN_SUSPICIOUS_MOVE = YES;
				CLANG_WARN_UNGUARDED_AVAILABILITY = YES_AGGRESSIVE;
				CLANG_WARN_UNREACHABLE_CODE = YES;
				CLANG_WARN__DUPLICATE_METHOD_MATCH = YES;
				CODE_SIGN_IDENTITY = "iPhone Developer";
				COPY_PHASE_STRIP = NO;
				DEBUG_INFORMATION_FORMAT = dwarf;
				ENABLE_STRICT_OBJC_MSGSEND = YES;
				ENABLE_TESTABILITY = YES;
				GCC_C_LANGUAGE_STANDARD = gnu11;
				GCC_DYNAMIC_NO_PIC = NO;
				GCC_NO_COMMON_BLOCKS = YES;
				GCC_OPTIMIZATION_LEVEL = 0;
				GCC_PREPROCESSOR_DEFINITIONS = (
					"DEBUG=1",
					"$(inherited)",
				);
				GCC_WARN_64_TO_32_BIT_CONVERSION = YES;
				GCC_WARN_ABOUT_RETURN_TYPE = YES_ERROR;
				GCC_WARN_UNDECLARED_SELECTOR = YES;
				GCC_WARN_UNINITIALIZED_AUTOS = YES_AGGRESSIVE;
				GCC_WARN_UNUSED_FUNCTION = YES;
				GCC_WARN_UNUSED_VARIABLE = YES;
				IPHONEOS_DEPLOYMENT_TARGET = 11.4;
				MTL_ENABLE_DEBUG_INFO = YES;
				ONLY_ACTIVE_ARCH = YES;
				SDKROOT = iphoneos;
				SWIFT_ACTIVE_COMPILATION_CONDITIONS = DEBUG;
				SWIFT_OPTIMIZATION_LEVEL = "-Onone";
			};
			name = Debug;
		};
		378C7DFD2104DBC900FED5C6 /* Release */ = {
			isa = XCBuildConfiguration;
			buildSettings = {
				ALWAYS_SEARCH_USER_PATHS = NO;
				CLANG_ANALYZER_NONNULL = YES;
				CLANG_ANALYZER_NUMBER_OBJECT_CONVERSION = YES_AGGRESSIVE;
				CLANG_CXX_LANGUAGE_STANDARD = "gnu++14";
				CLANG_CXX_LIBRARY = "libc++";
				CLANG_ENABLE_MODULES = YES;
				CLANG_ENABLE_OBJC_ARC = YES;
				CLANG_ENABLE_OBJC_WEAK = YES;
				CLANG_WARN_BLOCK_CAPTURE_AUTORELEASING = YES;
				CLANG_WARN_BOOL_CONVERSION = YES;
				CLANG_WARN_COMMA = YES;
				CLANG_WARN_CONSTANT_CONVERSION = YES;
				CLANG_WARN_DEPRECATED_OBJC_IMPLEMENTATIONS = YES;
				CLANG_WARN_DIRECT_OBJC_ISA_USAGE = YES_ERROR;
				CLANG_WARN_DOCUMENTATION_COMMENTS = YES;
				CLANG_WARN_EMPTY_BODY = YES;
				CLANG_WARN_ENUM_CONVERSION = YES;
				CLANG_WARN_INFINITE_RECURSION = YES;
				CLANG_WARN_INT_CONVERSION = YES;
				CLANG_WARN_NON_LITERAL_NULL_CONVERSION = YES;
				CLANG_WARN_OBJC_IMPLICIT_RETAIN_SELF = YES;
				CLANG_WARN_OBJC_LITERAL_CONVERSION = YES;
				CLANG_WARN_OBJC_ROOT_CLASS = YES_ERROR;
				CLANG_WARN_RANGE_LOOP_ANALYSIS = YES;
				CLANG_WARN_STRICT_PROTOTYPES = YES;
				CLANG_WARN_SUSPICIOUS_MOVE = YES;
				CLANG_WARN_UNGUARDED_AVAILABILITY = YES_AGGRESSIVE;
				CLANG_WARN_UNREACHABLE_CODE = YES;
				CLANG_WARN__DUPLICATE_METHOD_MATCH = YES;
				CODE_SIGN_IDENTITY = "iPhone Developer";
				COPY_PHASE_STRIP = NO;
				DEBUG_INFORMATION_FORMAT = "dwarf-with-dsym";
				ENABLE_NS_ASSERTIONS = NO;
				ENABLE_STRICT_OBJC_MSGSEND = YES;
				GCC_C_LANGUAGE_STANDARD = gnu11;
				GCC_NO_COMMON_BLOCKS = YES;
				GCC_WARN_64_TO_32_BIT_CONVERSION = YES;
				GCC_WARN_ABOUT_RETURN_TYPE = YES_ERROR;
				GCC_WARN_UNDECLARED_SELECTOR = YES;
				GCC_WARN_UNINITIALIZED_AUTOS = YES_AGGRESSIVE;
				GCC_WARN_UNUSED_FUNCTION = YES;
				GCC_WARN_UNUSED_VARIABLE = YES;
				IPHONEOS_DEPLOYMENT_TARGET = 11.4;
				MTL_ENABLE_DEBUG_INFO = NO;
				SDKROOT = iphoneos;
				SWIFT_COMPILATION_MODE = wholemodule;
				SWIFT_OPTIMIZATION_LEVEL = "-O";
				VALIDATE_PRODUCT = YES;
			};
			name = Release;
		};
		378C7DFF2104DBC900FED5C6 /* Debug */ = {
			isa = XCBuildConfiguration;
			baseConfigurationReference = 6F76B3288EDB1C873475C68A /* Pods-Password-Generator.debug.xcconfig */;
			buildSettings = {
				ASSETCATALOG_COMPILER_APPICON_NAME = AppIcon;
				CODE_SIGN_STYLE = Automatic;
				DEVELOPMENT_TEAM = 2T3D3L27FC;
				INFOPLIST_FILE = "Password-Generator/Info.plist";
				LD_RUNPATH_SEARCH_PATHS = (
					"$(inherited)",
					"@executable_path/Frameworks",
				);
				PRODUCT_BUNDLE_IDENTIFIER = "com.desormiere.nicolas.Password-Generator";
				PRODUCT_NAME = "$(TARGET_NAME)";
				SWIFT_VERSION = 4.0;
				TARGETED_DEVICE_FAMILY = "1,2";
			};
			name = Debug;
		};
		378C7E002104DBC900FED5C6 /* Release */ = {
			isa = XCBuildConfiguration;
			baseConfigurationReference = 6B5E9AE410DDF41FC87AD088 /* Pods-Password-Generator.release.xcconfig */;
			buildSettings = {
				ASSETCATALOG_COMPILER_APPICON_NAME = AppIcon;
				CODE_SIGN_STYLE = Automatic;
				DEVELOPMENT_TEAM = 2T3D3L27FC;
				INFOPLIST_FILE = "Password-Generator/Info.plist";
				LD_RUNPATH_SEARCH_PATHS = (
					"$(inherited)",
					"@executable_path/Frameworks",
				);
				PRODUCT_BUNDLE_IDENTIFIER = "com.desormiere.nicolas.Password-Generator";
				PRODUCT_NAME = "$(TARGET_NAME)";
				SWIFT_VERSION = 4.0;
				TARGETED_DEVICE_FAMILY = "1,2";
			};
			name = Release;
		};
		378C7E022104DBC900FED5C6 /* Debug */ = {
			isa = XCBuildConfiguration;
			baseConfigurationReference = A60D9492DAF7703308A1BEA2 /* Pods-Password-GeneratorUITests.debug.xcconfig */;
			buildSettings = {
				ALWAYS_EMBED_SWIFT_STANDARD_LIBRARIES = YES;
				CODE_SIGN_STYLE = Automatic;
				DEVELOPMENT_TEAM = 2T3D3L27FC;
				INFOPLIST_FILE = "Password-GeneratorUITests/Info.plist";
				LD_RUNPATH_SEARCH_PATHS = (
					"$(inherited)",
					"@executable_path/Frameworks",
					"@loader_path/Frameworks",
				);
				PRODUCT_BUNDLE_IDENTIFIER = "com.desormiere.nicolas.Password-GeneratorUITests";
				PRODUCT_NAME = "$(TARGET_NAME)";
				SWIFT_VERSION = 4.0;
				TARGETED_DEVICE_FAMILY = "1,2";
				TEST_TARGET_NAME = "Password-Generator";
			};
			name = Debug;
		};
		378C7E032104DBC900FED5C6 /* Release */ = {
			isa = XCBuildConfiguration;
			baseConfigurationReference = 9B432E610B32F30DA3AE4433 /* Pods-Password-GeneratorUITests.release.xcconfig */;
			buildSettings = {
				ALWAYS_EMBED_SWIFT_STANDARD_LIBRARIES = YES;
				CODE_SIGN_STYLE = Automatic;
				DEVELOPMENT_TEAM = 2T3D3L27FC;
				INFOPLIST_FILE = "Password-GeneratorUITests/Info.plist";
				LD_RUNPATH_SEARCH_PATHS = (
					"$(inherited)",
					"@executable_path/Frameworks",
					"@loader_path/Frameworks",
				);
				PRODUCT_BUNDLE_IDENTIFIER = "com.desormiere.nicolas.Password-GeneratorUITests";
				PRODUCT_NAME = "$(TARGET_NAME)";
				SWIFT_VERSION = 4.0;
				TARGETED_DEVICE_FAMILY = "1,2";
				TEST_TARGET_NAME = "Password-Generator";
			};
			name = Release;
		};
/* End XCBuildConfiguration section */

/* Begin XCConfigurationList section */
		378C7DDC2104DBC800FED5C6 /* Build configuration list for PBXProject "Password-Generator" */ = {
			isa = XCConfigurationList;
			buildConfigurations = (
				378C7DFC2104DBC900FED5C6 /* Debug */,
				378C7DFD2104DBC900FED5C6 /* Release */,
			);
			defaultConfigurationIsVisible = 0;
			defaultConfigurationName = Release;
		};
		378C7DFE2104DBC900FED5C6 /* Build configuration list for PBXNativeTarget "Password-Generator" */ = {
			isa = XCConfigurationList;
			buildConfigurations = (
				378C7DFF2104DBC900FED5C6 /* Debug */,
				378C7E002104DBC900FED5C6 /* Release */,
			);
			defaultConfigurationIsVisible = 0;
			defaultConfigurationName = Release;
		};
		378C7E012104DBC900FED5C6 /* Build configuration list for PBXNativeTarget "Password-GeneratorUITests" */ = {
			isa = XCConfigurationList;
			buildConfigurations = (
				378C7E022104DBC900FED5C6 /* Debug */,
				378C7E032104DBC900FED5C6 /* Release */,
			);
			defaultConfigurationIsVisible = 0;
			defaultConfigurationName = Release;
		};
/* End XCConfigurationList section */
	};
	rootObject = 378C7DD92104DBC800FED5C6 /* Project object */;
}
